
Microsoft Visual Studio Solution File, Format Version 12.00
# Visual Studio 2013
VisualStudioVersion = 12.0.31101.0
MinimumVisualStudioVersion = 10.0.40219.1
Project("{FAE04EC0-301F-11D3-BF4B-00C04F79EFBC}") = "AngularJs_Demo", "AngularJs_Demo\AngularJs_Demo.csproj", "{9267AAF1-B3FF-4FE6-AFB0-C22999084890}"
EndProject
Project("{FAE04EC0-301F-11D3-BF4B-00C04F79EFBC}") = "BLL", "BLL\BLL.csproj", "{9799F8A6-1543-4051-8BF3-74BB4E1A37A3}"
EndProject
Project("{FAE04EC0-301F-11D3-BF4B-00C04F79EFBC}") = "Model", "Model\Model.csproj", "{C4C29FE9-46BD-4BA9-BF89-E31BC5FCA3C5}"
EndProject
Global
	GlobalSection(SolutionConfigurationPlatforms) = preSolution
		Debug|Any CPU = Debug|Any CPU
		Release|Any CPU = Release|Any CPU
	EndGlobalSection
	GlobalSection(ProjectConfigurationPlatforms) = postSolution
		{9267AAF1-B3FF-4FE6-AFB0-C22999084890}.Debug|Any CPU.ActiveCfg = Debug|Any CPU
		{9267AAF1-B3FF-4FE6-AFB0-C22999084890}.Debug|Any CPU.Build.0 = Debug|Any CPU
		{9267AAF1-B3FF-4FE6-AFB0-C22999084890}.Release|Any CPU.ActiveCfg = Release|Any CPU
		{9267AAF1-B3FF-4FE6-AFB0-C22999084890}.Release|Any CPU.Build.0 = Release|Any CPU
		{9799F8A6-1543-4051-8BF3-74BB4E1A37A3}.Debug|Any CPU.ActiveCfg = Debug|Any CPU
		{9799F8A6-1543-4051-8BF3-74BB4E1A37A3}.Debug|Any CPU.Build.0 = Debug|Any CPU
		{9799F8A6-1543-4051-8BF3-74BB4E1A37A3}.Release|Any CPU.ActiveCfg = Release|Any CPU
		{9799F8A6-1543-4051-8BF3-74BB4E1A37A3}.Release|Any CPU.Build.0 = Release|Any CPU
		{C4C29FE9-46BD-4BA9-BF89-E31BC5FCA3C5}.Debug|Any CPU.ActiveCfg = Debug|Any CPU
		{C4C29FE9-46BD-4BA9-BF89-E31BC5FCA3C5}.Debug|Any CPU.Build.0 = Debug|Any CPU
		{C4C29FE9-46BD-4BA9-BF89-E31BC5FCA3C5}.Release|Any CPU.ActiveCfg = Release|Any CPU
		{C4C29FE9-46BD-4BA9-BF89-E31BC5FCA3C5}.Release|Any CPU.Build.0 = Release|Any CPU
	EndGlobalSection
	GlobalSection(SolutionProperties) = preSolution
		HideSolutionNode = FALSE
	EndGlobalSection
EndGlobal
